
Microsoft Visual Studio Solution File, Format Version 12.00
# Visual Studio Version 16
VisualStudioVersion = 16.0.31702.278
MinimumVisualStudioVersion = 10.0.40219.1
Project("{2150E333-8FDC-42A3-9474-1A3956D46DE8}") = "src", "src", "{0E965023-E2B0-46B5-B0C3-5A51DF3799E5}"
EndProject
Project("{2150E333-8FDC-42A3-9474-1A3956D46DE8}") = "Core", "Core", "{BDA4BAB7-011B-4677-8734-04CC5AFBDB4D}"
EndProject
Project("{2150E333-8FDC-42A3-9474-1A3956D46DE8}") = "Infrastructure", "Infrastructure", "{23BC4A36-08C7-4FED-8E83-A8D18EFD5CE1}"
EndProject
Project("{2150E333-8FDC-42A3-9474-1A3956D46DE8}") = "Presentation", "Presentation", "{5E42969A-756B-4B47-987E-753DE5F8DB65}"
EndProject
Project("{9A19103F-16F7-4668-BE54-9A1E7A4F7556}") = "UnluCoProductCatalog.Domain", "UnluCoProductCatalog.Domain\UnluCoProductCatalog.Domain.csproj", "{DF8EFB09-CA98-4CD6-A90B-5CB48A2359FB}"
EndProject
Project("{9A19103F-16F7-4668-BE54-9A1E7A4F7556}") = "UnluCoProductCatalog.Application", "UnluCoProductCatalog.Application\UnluCoProductCatalog.Application.csproj", "{4640E8D6-CCB6-477C-BDA9-075357B182F5}"
EndProject
Project("{9A19103F-16F7-4668-BE54-9A1E7A4F7556}") = "UnluCoProductCatalog.Infrastructure", "UnluCoProductCatalog.Infrastructure\UnluCoProductCatalog.Infrastructure.csproj", "{0C006C02-D1A4-4632-9587-DF24134E6C2D}"
EndProject
Project("{9A19103F-16F7-4668-BE54-9A1E7A4F7556}") = "UnluCoProductCatalog.Persistence", "UnluCoProductCatalog.Persistence\UnluCoProductCatalog.Persistence.csproj", "{458EBA58-0371-40FC-B935-34FA1D6B40DD}"
EndProject
Project("{9A19103F-16F7-4668-BE54-9A1E7A4F7556}") = "WebAPI", "WebAPI\WebAPI.csproj", "{A921E354-46E7-4AE9-9BE0-3D7802D250B1}"
EndProject
Project("{2150E333-8FDC-42A3-9474-1A3956D46DE8}") = "Consumer", "Consumer", "{DB20B6E8-EA00-4DD7-94E1-167DC3A0BD85}"
EndProject
Project("{9A19103F-16F7-4668-BE54-9A1E7A4F7556}") = "UnluCoProductCatalog.ConsoleConsumer", "UnluCoProductCatalog.ConsoleConsumer\UnluCoProductCatalog.ConsoleConsumer.csproj", "{C85D9500-79F6-46B4-A0B0-36DE6BCDE421}"
EndProject
Project("{9A19103F-16F7-4668-BE54-9A1E7A4F7556}") = "BlazorUI", "BlazorUI\BlazorUI.csproj", "{08E8D50E-15CE-4EB9-B129-3A1AA1EB3EFB}"
EndProject
Project("{2150E333-8FDC-42A3-9474-1A3956D46DE8}") = "Tests", "Tests", "{2EC373FE-6F9D-4F9D-9A58-9AC1F8195E90}"
EndProject
Project("{9A19103F-16F7-4668-BE54-9A1E7A4F7556}") = "UnluCoProductCatalog.UnitTests", "UnluCoProductCatalog.UnitTest\UnluCoProductCatalog.UnitTests.csproj", "{2B236C3B-6D1A-4FA3-9DBB-DCD83E946B6E}"
EndProject
Project("{FAE04EC0-301F-11D3-BF4B-00C04F79EFBC}") = "UnluCoProductCatalog.EntegrasyonTests", "UnluCoProductCatalog.EntegrasyonTests\UnluCoProductCatalog.EntegrasyonTests.csproj", "{DD7904BA-6DFA-4B41-947C-DEA7E83694AF}"
EndProject
Global
	GlobalSection(SolutionConfigurationPlatforms) = preSolution
		Debug|Any CPU = Debug|Any CPU
		Release|Any CPU = Release|Any CPU
	EndGlobalSection
	GlobalSection(ProjectConfigurationPlatforms) = postSolution
		{DF8EFB09-CA98-4CD6-A90B-5CB48A2359FB}.Debug|Any CPU.ActiveCfg = Debug|Any CPU
		{DF8EFB09-CA98-4CD6-A90B-5CB48A2359FB}.Debug|Any CPU.Build.0 = Debug|Any CPU
		{DF8EFB09-CA98-4CD6-A90B-5CB48A2359FB}.Release|Any CPU.ActiveCfg = Release|Any CPU
		{DF8EFB09-CA98-4CD6-A90B-5CB48A2359FB}.Release|Any CPU.Build.0 = Release|Any CPU
		{4640E8D6-CCB6-477C-BDA9-075357B182F5}.Debug|Any CPU.ActiveCfg = Debug|Any CPU
		{4640E8D6-CCB6-477C-BDA9-075357B182F5}.Debug|Any CPU.Build.0 = Debug|Any CPU
		{4640E8D6-CCB6-477C-BDA9-075357B182F5}.Release|Any CPU.ActiveCfg = Release|Any CPU
		{4640E8D6-CCB6-477C-BDA9-075357B182F5}.Release|Any CPU.Build.0 = Release|Any CPU
		{0C006C02-D1A4-4632-9587-DF24134E6C2D}.Debug|Any CPU.ActiveCfg = Debug|Any CPU
		{0C006C02-D1A4-4632-9587-DF24134E6C2D}.Debug|Any CPU.Build.0 = Debug|Any CPU
		{0C006C02-D1A4-4632-9587-DF24134E6C2D}.Release|Any CPU.ActiveCfg = Release|Any CPU
		{0C006C02-D1A4-4632-9587-DF24134E6C2D}.Release|Any CPU.Build.0 = Release|Any CPU
		{458EBA58-0371-40FC-B935-34FA1D6B40DD}.Debug|Any CPU.ActiveCfg = Debug|Any CPU
		{458EBA58-0371-40FC-B935-34FA1D6B40DD}.Debug|Any CPU.Build.0 = Debug|Any CPU
		{458EBA58-0371-40FC-B935-34FA1D6B40DD}.Release|Any CPU.ActiveCfg = Release|Any CPU
		{458EBA58-0371-40FC-B935-34FA1D6B40DD}.Release|Any CPU.Build.0 = Release|Any CPU
		{A921E354-46E7-4AE9-9BE0-3D7802D250B1}.Debug|Any CPU.ActiveCfg = Debug|Any CPU
		{A921E354-46E7-4AE9-9BE0-3D7802D250B1}.Debug|Any CPU.Build.0 = Debug|Any CPU
		{A921E354-46E7-4AE9-9BE0-3D7802D250B1}.Release|Any CPU.ActiveCfg = Release|Any CPU
		{A921E354-46E7-4AE9-9BE0-3D7802D250B1}.Release|Any CPU.Build.0 = Release|Any CPU
		{C85D9500-79F6-46B4-A0B0-36DE6BCDE421}.Debug|Any CPU.ActiveCfg = Debug|Any CPU
		{C85D9500-79F6-46B4-A0B0-36DE6BCDE421}.Debug|Any CPU.Build.0 = Debug|Any CPU
		{C85D9500-79F6-46B4-A0B0-36DE6BCDE421}.Release|Any CPU.ActiveCfg = Release|Any CPU
		{C85D9500-79F6-46B4-A0B0-36DE6BCDE421}.Release|Any CPU.Build.0 = Release|Any CPU
		{08E8D50E-15CE-4EB9-B129-3A1AA1EB3EFB}.Debug|Any CPU.ActiveCfg = Debug|Any CPU
		{08E8D50E-15CE-4EB9-B129-3A1AA1EB3EFB}.Debug|Any CPU.Build.0 = Debug|Any CPU
		{08E8D50E-15CE-4EB9-B129-3A1AA1EB3EFB}.Release|Any CPU.ActiveCfg = Release|Any CPU
		{08E8D50E-15CE-4EB9-B129-3A1AA1EB3EFB}.Release|Any CPU.Build.0 = Release|Any CPU
		{2B236C3B-6D1A-4FA3-9DBB-DCD83E946B6E}.Debug|Any CPU.ActiveCfg = Debug|Any CPU
		{2B236C3B-6D1A-4FA3-9DBB-DCD83E946B6E}.Debug|Any CPU.Build.0 = Debug|Any CPU
		{2B236C3B-6D1A-4FA3-9DBB-DCD83E946B6E}.Release|Any CPU.ActiveCfg = Release|Any CPU
		{2B236C3B-6D1A-4FA3-9DBB-DCD83E946B6E}.Release|Any CPU.Build.0 = Release|Any CPU
		{DD7904BA-6DFA-4B41-947C-DEA7E83694AF}.Debug|Any CPU.ActiveCfg = Debug|Any CPU
		{DD7904BA-6DFA-4B41-947C-DEA7E83694AF}.Debug|Any CPU.Build.0 = Debug|Any CPU
		{DD7904BA-6DFA-4B41-947C-DEA7E83694AF}.Release|Any CPU.ActiveCfg = Release|Any CPU
		{DD7904BA-6DFA-4B41-947C-DEA7E83694AF}.Release|Any CPU.Build.0 = Release|Any CPU
	EndGlobalSection
	GlobalSection(SolutionProperties) = preSolution
		HideSolutionNode = FALSE
	EndGlobalSection
	GlobalSection(NestedProjects) = preSolution
		{BDA4BAB7-011B-4677-8734-04CC5AFBDB4D} = {0E965023-E2B0-46B5-B0C3-5A51DF3799E5}
		{23BC4A36-08C7-4FED-8E83-A8D18EFD5CE1} = {0E965023-E2B0-46B5-B0C3-5A51DF3799E5}
		{5E42969A-756B-4B47-987E-753DE5F8DB65} = {0E965023-E2B0-46B5-B0C3-5A51DF3799E5}
		{DF8EFB09-CA98-4CD6-A90B-5CB48A2359FB} = {BDA4BAB7-011B-4677-8734-04CC5AFBDB4D}
		{4640E8D6-CCB6-477C-BDA9-075357B182F5} = {BDA4BAB7-011B-4677-8734-04CC5AFBDB4D}
		{0C006C02-D1A4-4632-9587-DF24134E6C2D} = {23BC4A36-08C7-4FED-8E83-A8D18EFD5CE1}
		{458EBA58-0371-40FC-B935-34FA1D6B40DD} = {23BC4A36-08C7-4FED-8E83-A8D18EFD5CE1}
		{A921E354-46E7-4AE9-9BE0-3D7802D250B1} = {5E42969A-756B-4B47-987E-753DE5F8DB65}
		{DB20B6E8-EA00-4DD7-94E1-167DC3A0BD85} = {0E965023-E2B0-46B5-B0C3-5A51DF3799E5}
		{C85D9500-79F6-46B4-A0B0-36DE6BCDE421} = {DB20B6E8-EA00-4DD7-94E1-167DC3A0BD85}
		{08E8D50E-15CE-4EB9-B129-3A1AA1EB3EFB} = {5E42969A-756B-4B47-987E-753DE5F8DB65}
		{2EC373FE-6F9D-4F9D-9A58-9AC1F8195E90} = {0E965023-E2B0-46B5-B0C3-5A51DF3799E5}
		{2B236C3B-6D1A-4FA3-9DBB-DCD83E946B6E} = {2EC373FE-6F9D-4F9D-9A58-9AC1F8195E90}
		{DD7904BA-6DFA-4B41-947C-DEA7E83694AF} = {2EC373FE-6F9D-4F9D-9A58-9AC1F8195E90}
	EndGlobalSection
	GlobalSection(ExtensibilityGlobals) = postSolution
		SolutionGuid = {5570308F-CF25-453E-80B7-68A00391D6E7}
	EndGlobalSection
EndGlobal
